// !$*UTF8*$!
{
	archiveVersion = 1;
	classes = {
	};
	objectVersion = 56;
	objects = {

/* Begin PBXBuildFile section */
		DD2D74402DCB0D83005396F3 /* WorldStateMachine.swift in Sources */ = {isa = PBXBuildFile; fileRef = DD2D743F2DCB0D83005396F3 /* WorldStateMachine.swift */; };
		DD2D74422DCB1C09005396F3 /* ActionHandler.swift in Sources */ = {isa = PBXBuildFile; fileRef = DD2D74412DCB1C09005396F3 /* ActionHandler.swift */; };
		DD2D74442DCB1C3A005396F3 /* TurnManager.swift in Sources */ = {isa = PBXBuildFile; fileRef = DD2D74432DCB1C3A005396F3 /* TurnManager.swift */; };
		DDA59C492DC07582007877A6 /* RoomGameState.swift in Sources */ = {isa = PBXBuildFile; fileRef = DDA59C482DC07582007877A6 /* RoomGameState.swift */; };
		DDA74FEF2DD7C1DC002FABD6 /* AppCoordinator.swift in Sources */ = {isa = PBXBuildFile; fileRef = DDA74FEE2DD7C1DC002FABD6 /* AppCoordinator.swift */; };
		DDA810CA2DE17E68000A2349 /* DungeonMapGenerator.swift in Sources */ = {isa = PBXBuildFile; fileRef = DDA810C92DE17E68000A2349 /* DungeonMapGenerator.swift */; };
		DDA810CC2DE17EF9000A2349 /* Tile.swift in Sources */ = {isa = PBXBuildFile; fileRef = DDA810CB2DE17EF9000A2349 /* Tile.swift */; };
		DDA810CE2DE17F35000A2349 /* TileType.swift in Sources */ = {isa = PBXBuildFile; fileRef = DDA810CD2DE17F35000A2349 /* TileType.swift */; };
		DDA810D02DE17FCD000A2349 /* EventType.swift in Sources */ = {isa = PBXBuildFile; fileRef = DDA810CF2DE17FCD000A2349 /* EventType.swift */; };
		DDA810D32DE18CAF000A2349 /* DungeonGameState.swift in Sources */ = {isa = PBXBuildFile; fileRef = DDA810D22DE18CAF000A2349 /* DungeonGameState.swift */; };
		DDA810D52DE18CBD000A2349 /* DungeonGameManager.swift in Sources */ = {isa = PBXBuildFile; fileRef = DDA810D42DE18CBD000A2349 /* DungeonGameManager.swift */; };
		DDA940612DBF4FC600837F9F /* SwiftDungeonApp.swift in Sources */ = {isa = PBXBuildFile; fileRef = DDA940602DBF4FC600837F9F /* SwiftDungeonApp.swift */; };
		DDA940632DBF4FC600837F9F /* RoomView.swift in Sources */ = {isa = PBXBuildFile; fileRef = DDA940622DBF4FC600837F9F /* RoomView.swift */; };
		DDA940652DBF4FCD00837F9F /* Assets.xcassets in Resources */ = {isa = PBXBuildFile; fileRef = DDA940642DBF4FCD00837F9F /* Assets.xcassets */; };
		DDA940682DBF4FCD00837F9F /* Preview Assets.xcassets in Resources */ = {isa = PBXBuildFile; fileRef = DDA940672DBF4FCD00837F9F /* Preview Assets.xcassets */; };
		DDA940732DBF519200837F9F /* RoomViewModel.swift in Sources */ = {isa = PBXBuildFile; fileRef = DDA940722DBF519200837F9F /* RoomViewModel.swift */; };
		DDA940752DBF51C800837F9F /* Creature.swift in Sources */ = {isa = PBXBuildFile; fileRef = DDA940742DBF51C800837F9F /* Creature.swift */; };
		DDA940772DBF522300837F9F /* Character.swift in Sources */ = {isa = PBXBuildFile; fileRef = DDA940762DBF522300837F9F /* Character.swift */; };
		DDA9407C2DBF538700837F9F /* ActionCalculator.swift in Sources */ = {isa = PBXBuildFile; fileRef = DDA9407B2DBF538700837F9F /* ActionCalculator.swift */; };
		DDA9407E2DBF53E000837F9F /* CharactersManager.swift in Sources */ = {isa = PBXBuildFile; fileRef = DDA9407D2DBF53E000837F9F /* CharactersManager.swift */; };
		DDA9EF162DD99800004ED19D /* Menu.swift in Sources */ = {isa = PBXBuildFile; fileRef = DDA9EF152DD99800004ED19D /* Menu.swift */; };
		DDAA040E2DC46F4400C801B4 /* RoomUIState.swift in Sources */ = {isa = PBXBuildFile; fileRef = DDAA040D2DC46F4400C801B4 /* RoomUIState.swift */; };
		DDAA04102DC46F5700C801B4 /* SceneUIState.swift in Sources */ = {isa = PBXBuildFile; fileRef = DDAA040F2DC46F5700C801B4 /* SceneUIState.swift */; };
		DDAA04122DC46F7900C801B4 /* HeroUIState.swift in Sources */ = {isa = PBXBuildFile; fileRef = DDAA04112DC46F7900C801B4 /* HeroUIState.swift */; };
		DDAA04142DC46F8100C801B4 /* EnemyUIState.swift in Sources */ = {isa = PBXBuildFile; fileRef = DDAA04132DC46F8100C801B4 /* EnemyUIState.swift */; };
		DDAA4C1C2DE06C0E0007E5DA /* CorridorViewModel.swift in Sources */ = {isa = PBXBuildFile; fileRef = DDAA4C1B2DE06C0E0007E5DA /* CorridorViewModel.swift */; };
		DDAA4C1E2DE06C1B0007E5DA /* CorridorView.swift in Sources */ = {isa = PBXBuildFile; fileRef = DDAA4C1D2DE06C1B0007E5DA /* CorridorView.swift */; };
		DDAA4C232DE06E1F0007E5DA /* CorridorBuilder.swift in Sources */ = {isa = PBXBuildFile; fileRef = DDAA4C222DE06E1F0007E5DA /* CorridorBuilder.swift */; };
		DDAA4C252DE0700D0007E5DA /* TownBuilder.swift in Sources */ = {isa = PBXBuildFile; fileRef = DDAA4C242DE0700D0007E5DA /* TownBuilder.swift */; };
		DDAA4C2A2DE070600007E5DA /* TownViewModel.swift in Sources */ = {isa = PBXBuildFile; fileRef = DDAA4C292DE070600007E5DA /* TownViewModel.swift */; };
		DDAA4C2C2DE0706A0007E5DA /* TownView.swift in Sources */ = {isa = PBXBuildFile; fileRef = DDAA4C2B2DE0706A0007E5DA /* TownView.swift */; };
		DDAA4C312DE071B00007E5DA /* WorldViewModel.swift in Sources */ = {isa = PBXBuildFile; fileRef = DDAA4C302DE071B00007E5DA /* WorldViewModel.swift */; };
		DDAA4C332DE071CA0007E5DA /* WorldView.swift in Sources */ = {isa = PBXBuildFile; fileRef = DDAA4C322DE071CA0007E5DA /* WorldView.swift */; };
		DDAA4C352DE0724E0007E5DA /* WorldBuilder.swift in Sources */ = {isa = PBXBuildFile; fileRef = DDAA4C342DE0724E0007E5DA /* WorldBuilder.swift */; };
		DDAA4C3A2DE072A90007E5DA /* DungeonView.swift in Sources */ = {isa = PBXBuildFile; fileRef = DDAA4C392DE072A90007E5DA /* DungeonView.swift */; };
		DDAA4C3C2DE072E40007E5DA /* DungeonViewModel.swift in Sources */ = {isa = PBXBuildFile; fileRef = DDAA4C3B2DE072E40007E5DA /* DungeonViewModel.swift */; };
		DDAA4C3E2DE0730D0007E5DA /* DungeonBuilder.swift in Sources */ = {isa = PBXBuildFile; fileRef = DDAA4C3D2DE0730D0007E5DA /* DungeonBuilder.swift */; };
		DDAA56E12DC881C2006E663D /* SceneUISection.swift in Sources */ = {isa = PBXBuildFile; fileRef = DDAA56E02DC881C2006E663D /* SceneUISection.swift */; };
		DDAA56E32DC88279006E663D /* SceneUIStateManager.swift in Sources */ = {isa = PBXBuildFile; fileRef = DDAA56E22DC88279006E663D /* SceneUIStateManager.swift */; };
		DDAACE862DD483CB00C74209 /* RoomGameStateSnapshot.swift in Sources */ = {isa = PBXBuildFile; fileRef = DDAACE852DD483CB00C74209 /* RoomGameStateSnapshot.swift */; };
		DDAB3E4D2DC72B5800DBA1C8 /* CurrentPlan in Resources */ = {isa = PBXBuildFile; fileRef = DDAB3E4C2DC72B5800DBA1C8 /* CurrentPlan */; };
		DDAB3E4F2DC72B6800DBA1C8 /* Bugs in Resources */ = {isa = PBXBuildFile; fileRef = DDAB3E4E2DC72B6800DBA1C8 /* Bugs */; };
		DDAB3E522DC7362A00DBA1C8 /* EffectManager.swift in Sources */ = {isa = PBXBuildFile; fileRef = DDAB3E512DC7362A00DBA1C8 /* EffectManager.swift */; };
		DDAC13322DC9E30700E42D65 /* RoomBuilder.swift in Sources */ = {isa = PBXBuildFile; fileRef = DDAC13312DC9E30700E42D65 /* RoomBuilder.swift */; };
		DDAC13352DC9F08800E42D65 /* ExperienceBar.swift in Sources */ = {isa = PBXBuildFile; fileRef = DDAC13342DC9F08800E42D65 /* ExperienceBar.swift */; };
		DDAC13372DC9F0CA00E42D65 /* HealthBar.swift in Sources */ = {isa = PBXBuildFile; fileRef = DDAC13362DC9F0CA00E42D65 /* HealthBar.swift */; };
		DDAC13392DC9F0F800E42D65 /* ManaBar.swift in Sources */ = {isa = PBXBuildFile; fileRef = DDAC13382DC9F0F800E42D65 /* ManaBar.swift */; };
		DDAC133B2DC9F11B00E42D65 /* EnergyBar.swift in Sources */ = {isa = PBXBuildFile; fileRef = DDAC133A2DC9F11B00E42D65 /* EnergyBar.swift */; };
		DDAC133D2DC9F15500E42D65 /* StatusBar.swift in Sources */ = {isa = PBXBuildFile; fileRef = DDAC133C2DC9F15500E42D65 /* StatusBar.swift */; };
		DDAC133F2DC9F18000E42D65 /* CharacterTile.swift in Sources */ = {isa = PBXBuildFile; fileRef = DDAC133E2DC9F18000E42D65 /* CharacterTile.swift */; };
		DDAC13412DC9F1A300E42D65 /* BorderedView.swift in Sources */ = {isa = PBXBuildFile; fileRef = DDAC13402DC9F1A300E42D65 /* BorderedView.swift */; };
		DDAC13432DC9F29600E42D65 /* RoomGameManager.swift in Sources */ = {isa = PBXBuildFile; fileRef = DDAC13422DC9F29600E42D65 /* RoomGameManager.swift */; };
		DDACC5602DD8490C00549907 /* Turn.swift in Sources */ = {isa = PBXBuildFile; fileRef = DDACC55F2DD8490C00549907 /* Turn.swift */; };
		DDACC5622DD855EB00549907 /* HighlightAnimation.swift in Sources */ = {isa = PBXBuildFile; fileRef = DDACC5612DD855EA00549907 /* HighlightAnimation.swift */; };
		DDACC5652DD87E5900549907 /* MainMenuView.swift in Sources */ = {isa = PBXBuildFile; fileRef = DDACC5642DD87E5900549907 /* MainMenuView.swift */; };
		DDACC5672DD87E6500549907 /* MainMenuViewModel.swift in Sources */ = {isa = PBXBuildFile; fileRef = DDACC5662DD87E6500549907 /* MainMenuViewModel.swift */; };
		DDAF16462DC5C67100D4109C /* GameConfig.swift in Sources */ = {isa = PBXBuildFile; fileRef = DDAF16452DC5C67100D4109C /* GameConfig.swift */; };
		DDC129F12DC25858006CBC41 /* Notes in Resources */ = {isa = PBXBuildFile; fileRef = DDC129F02DC25858006CBC41 /* Notes */; };
		DDC129F32DC26AF6006CBC41 /* Effect.swift in Sources */ = {isa = PBXBuildFile; fileRef = DDC129F22DC26AF6006CBC41 /* Effect.swift */; };
		DDC129F52DC27EE6006CBC41 /* Stats.swift in Sources */ = {isa = PBXBuildFile; fileRef = DDC129F42DC27EE6006CBC41 /* Stats.swift */; };
/* End PBXBuildFile section */

/* Begin PBXFileReference section */
		DD2D743F2DCB0D83005396F3 /* WorldStateMachine.swift */ = {isa = PBXFileReference; lastKnownFileType = sourcecode.swift; path = WorldStateMachine.swift; sourceTree = "<group>"; };
		DD2D74412DCB1C09005396F3 /* ActionHandler.swift */ = {isa = PBXFileReference; lastKnownFileType = sourcecode.swift; path = ActionHandler.swift; sourceTree = "<group>"; };
		DD2D74432DCB1C3A005396F3 /* TurnManager.swift */ = {isa = PBXFileReference; lastKnownFileType = sourcecode.swift; path = TurnManager.swift; sourceTree = "<group>"; };
		DDA59C482DC07582007877A6 /* RoomGameState.swift */ = {isa = PBXFileReference; lastKnownFileType = sourcecode.swift; path = RoomGameState.swift; sourceTree = "<group>"; };
		DDA74FEE2DD7C1DC002FABD6 /* AppCoordinator.swift */ = {isa = PBXFileReference; lastKnownFileType = sourcecode.swift; path = AppCoordinator.swift; sourceTree = "<group>"; };
		DDA810C92DE17E68000A2349 /* DungeonMapGenerator.swift */ = {isa = PBXFileReference; lastKnownFileType = sourcecode.swift; path = DungeonMapGenerator.swift; sourceTree = "<group>"; };
		DDA810CB2DE17EF9000A2349 /* Tile.swift */ = {isa = PBXFileReference; lastKnownFileType = sourcecode.swift; path = Tile.swift; sourceTree = "<group>"; };
		DDA810CD2DE17F35000A2349 /* TileType.swift */ = {isa = PBXFileReference; lastKnownFileType = sourcecode.swift; path = TileType.swift; sourceTree = "<group>"; };
		DDA810CF2DE17FCD000A2349 /* EventType.swift */ = {isa = PBXFileReference; lastKnownFileType = sourcecode.swift; path = EventType.swift; sourceTree = "<group>"; };
		DDA810D22DE18CAF000A2349 /* DungeonGameState.swift */ = {isa = PBXFileReference; lastKnownFileType = sourcecode.swift; path = DungeonGameState.swift; sourceTree = "<group>"; };
		DDA810D42DE18CBD000A2349 /* DungeonGameManager.swift */ = {isa = PBXFileReference; lastKnownFileType = sourcecode.swift; path = DungeonGameManager.swift; sourceTree = "<group>"; };
		DDA9405D2DBF4FC600837F9F /* SwiftDungeon.app */ = {isa = PBXFileReference; explicitFileType = wrapper.application; includeInIndex = 0; path = SwiftDungeon.app; sourceTree = BUILT_PRODUCTS_DIR; };
		DDA940602DBF4FC600837F9F /* SwiftDungeonApp.swift */ = {isa = PBXFileReference; lastKnownFileType = sourcecode.swift; path = SwiftDungeonApp.swift; sourceTree = "<group>"; };
		DDA940622DBF4FC600837F9F /* RoomView.swift */ = {isa = PBXFileReference; lastKnownFileType = sourcecode.swift; path = RoomView.swift; sourceTree = "<group>"; };
		DDA940642DBF4FCD00837F9F /* Assets.xcassets */ = {isa = PBXFileReference; lastKnownFileType = folder.assetcatalog; path = Assets.xcassets; sourceTree = "<group>"; };
		DDA940672DBF4FCD00837F9F /* Preview Assets.xcassets */ = {isa = PBXFileReference; lastKnownFileType = folder.assetcatalog; path = "Preview Assets.xcassets"; sourceTree = "<group>"; };
		DDA940722DBF519200837F9F /* RoomViewModel.swift */ = {isa = PBXFileReference; lastKnownFileType = sourcecode.swift; path = RoomViewModel.swift; sourceTree = "<group>"; };
		DDA940742DBF51C800837F9F /* Creature.swift */ = {isa = PBXFileReference; lastKnownFileType = sourcecode.swift; path = Creature.swift; sourceTree = "<group>"; };
		DDA940762DBF522300837F9F /* Character.swift */ = {isa = PBXFileReference; lastKnownFileType = sourcecode.swift; path = Character.swift; sourceTree = "<group>"; };
		DDA9407B2DBF538700837F9F /* ActionCalculator.swift */ = {isa = PBXFileReference; lastKnownFileType = sourcecode.swift; path = ActionCalculator.swift; sourceTree = "<group>"; };
		DDA9407D2DBF53E000837F9F /* CharactersManager.swift */ = {isa = PBXFileReference; lastKnownFileType = sourcecode.swift; path = CharactersManager.swift; sourceTree = "<group>"; };
		DDA9EF152DD99800004ED19D /* Menu.swift */ = {isa = PBXFileReference; lastKnownFileType = sourcecode.swift; path = Menu.swift; sourceTree = "<group>"; };
		DDAA040D2DC46F4400C801B4 /* RoomUIState.swift */ = {isa = PBXFileReference; lastKnownFileType = sourcecode.swift; path = RoomUIState.swift; sourceTree = "<group>"; };
		DDAA040F2DC46F5700C801B4 /* SceneUIState.swift */ = {isa = PBXFileReference; lastKnownFileType = sourcecode.swift; path = SceneUIState.swift; sourceTree = "<group>"; };
		DDAA04112DC46F7900C801B4 /* HeroUIState.swift */ = {isa = PBXFileReference; lastKnownFileType = sourcecode.swift; path = HeroUIState.swift; sourceTree = "<group>"; };
		DDAA04132DC46F8100C801B4 /* EnemyUIState.swift */ = {isa = PBXFileReference; lastKnownFileType = sourcecode.swift; path = EnemyUIState.swift; sourceTree = "<group>"; };
		DDAA4C1B2DE06C0E0007E5DA /* CorridorViewModel.swift */ = {isa = PBXFileReference; lastKnownFileType = sourcecode.swift; path = CorridorViewModel.swift; sourceTree = "<group>"; };
		DDAA4C1D2DE06C1B0007E5DA /* CorridorView.swift */ = {isa = PBXFileReference; lastKnownFileType = sourcecode.swift; path = CorridorView.swift; sourceTree = "<group>"; };
		DDAA4C222DE06E1F0007E5DA /* CorridorBuilder.swift */ = {isa = PBXFileReference; lastKnownFileType = sourcecode.swift; path = CorridorBuilder.swift; sourceTree = "<group>"; };
		DDAA4C242DE0700D0007E5DA /* TownBuilder.swift */ = {isa = PBXFileReference; lastKnownFileType = sourcecode.swift; path = TownBuilder.swift; sourceTree = "<group>"; };
		DDAA4C292DE070600007E5DA /* TownViewModel.swift */ = {isa = PBXFileReference; lastKnownFileType = sourcecode.swift; path = TownViewModel.swift; sourceTree = "<group>"; };
		DDAA4C2B2DE0706A0007E5DA /* TownView.swift */ = {isa = PBXFileReference; lastKnownFileType = sourcecode.swift; path = TownView.swift; sourceTree = "<group>"; };
		DDAA4C302DE071B00007E5DA /* WorldViewModel.swift */ = {isa = PBXFileReference; lastKnownFileType = sourcecode.swift; path = WorldViewModel.swift; sourceTree = "<group>"; };
		DDAA4C322DE071CA0007E5DA /* WorldView.swift */ = {isa = PBXFileReference; lastKnownFileType = sourcecode.swift; path = WorldView.swift; sourceTree = "<group>"; };
		DDAA4C342DE0724E0007E5DA /* WorldBuilder.swift */ = {isa = PBXFileReference; lastKnownFileType = sourcecode.swift; path = WorldBuilder.swift; sourceTree = "<group>"; };
		DDAA4C392DE072A90007E5DA /* DungeonView.swift */ = {isa = PBXFileReference; lastKnownFileType = sourcecode.swift; path = DungeonView.swift; sourceTree = "<group>"; };
		DDAA4C3B2DE072E40007E5DA /* DungeonViewModel.swift */ = {isa = PBXFileReference; lastKnownFileType = sourcecode.swift; path = DungeonViewModel.swift; sourceTree = "<group>"; };
		DDAA4C3D2DE0730D0007E5DA /* DungeonBuilder.swift */ = {isa = PBXFileReference; lastKnownFileType = sourcecode.swift; path = DungeonBuilder.swift; sourceTree = "<group>"; };
		DDAA56E02DC881C2006E663D /* SceneUISection.swift */ = {isa = PBXFileReference; lastKnownFileType = sourcecode.swift; path = SceneUISection.swift; sourceTree = "<group>"; };
		DDAA56E22DC88279006E663D /* SceneUIStateManager.swift */ = {isa = PBXFileReference; lastKnownFileType = sourcecode.swift; path = SceneUIStateManager.swift; sourceTree = "<group>"; };
		DDAACE852DD483CB00C74209 /* RoomGameStateSnapshot.swift */ = {isa = PBXFileReference; lastKnownFileType = sourcecode.swift; path = RoomGameStateSnapshot.swift; sourceTree = "<group>"; };
		DDAB3E4C2DC72B5800DBA1C8 /* CurrentPlan */ = {isa = PBXFileReference; lastKnownFileType = text; path = CurrentPlan; sourceTree = "<group>"; };
		DDAB3E4E2DC72B6800DBA1C8 /* Bugs */ = {isa = PBXFileReference; lastKnownFileType = text; path = Bugs; sourceTree = "<group>"; };
		DDAB3E512DC7362A00DBA1C8 /* EffectManager.swift */ = {isa = PBXFileReference; lastKnownFileType = sourcecode.swift; path = EffectManager.swift; sourceTree = "<group>"; };
		DDAC13312DC9E30700E42D65 /* RoomBuilder.swift */ = {isa = PBXFileReference; lastKnownFileType = sourcecode.swift; path = RoomBuilder.swift; sourceTree = "<group>"; };
		DDAC13342DC9F08800E42D65 /* ExperienceBar.swift */ = {isa = PBXFileReference; lastKnownFileType = sourcecode.swift; path = ExperienceBar.swift; sourceTree = "<group>"; };
		DDAC13362DC9F0CA00E42D65 /* HealthBar.swift */ = {isa = PBXFileReference; lastKnownFileType = sourcecode.swift; path = HealthBar.swift; sourceTree = "<group>"; };
		DDAC13382DC9F0F800E42D65 /* ManaBar.swift */ = {isa = PBXFileReference; lastKnownFileType = sourcecode.swift; path = ManaBar.swift; sourceTree = "<group>"; };
		DDAC133A2DC9F11B00E42D65 /* EnergyBar.swift */ = {isa = PBXFileReference; lastKnownFileType = sourcecode.swift; path = EnergyBar.swift; sourceTree = "<group>"; };
		DDAC133C2DC9F15500E42D65 /* StatusBar.swift */ = {isa = PBXFileReference; lastKnownFileType = sourcecode.swift; path = StatusBar.swift; sourceTree = "<group>"; };
		DDAC133E2DC9F18000E42D65 /* CharacterTile.swift */ = {isa = PBXFileReference; lastKnownFileType = sourcecode.swift; path = CharacterTile.swift; sourceTree = "<group>"; };
		DDAC13402DC9F1A300E42D65 /* BorderedView.swift */ = {isa = PBXFileReference; lastKnownFileType = sourcecode.swift; path = BorderedView.swift; sourceTree = "<group>"; };
		DDAC13422DC9F29600E42D65 /* RoomGameManager.swift */ = {isa = PBXFileReference; lastKnownFileType = sourcecode.swift; path = RoomGameManager.swift; sourceTree = "<group>"; };
		DDACC55F2DD8490C00549907 /* Turn.swift */ = {isa = PBXFileReference; lastKnownFileType = sourcecode.swift; path = Turn.swift; sourceTree = "<group>"; };
		DDACC5612DD855EA00549907 /* HighlightAnimation.swift */ = {isa = PBXFileReference; lastKnownFileType = sourcecode.swift; path = HighlightAnimation.swift; sourceTree = "<group>"; };
		DDACC5642DD87E5900549907 /* MainMenuView.swift */ = {isa = PBXFileReference; lastKnownFileType = sourcecode.swift; path = MainMenuView.swift; sourceTree = "<group>"; };
		DDACC5662DD87E6500549907 /* MainMenuViewModel.swift */ = {isa = PBXFileReference; lastKnownFileType = sourcecode.swift; path = MainMenuViewModel.swift; sourceTree = "<group>"; };
		DDAF16452DC5C67100D4109C /* GameConfig.swift */ = {isa = PBXFileReference; lastKnownFileType = sourcecode.swift; path = GameConfig.swift; sourceTree = "<group>"; };
		DDC129F02DC25858006CBC41 /* Notes */ = {isa = PBXFileReference; lastKnownFileType = text; path = Notes; sourceTree = "<group>"; };
		DDC129F22DC26AF6006CBC41 /* Effect.swift */ = {isa = PBXFileReference; lastKnownFileType = sourcecode.swift; path = Effect.swift; sourceTree = "<group>"; };
		DDC129F42DC27EE6006CBC41 /* Stats.swift */ = {isa = PBXFileReference; lastKnownFileType = sourcecode.swift; path = Stats.swift; sourceTree = "<group>"; };
/* End PBXFileReference section */

/* Begin PBXFrameworksBuildPhase section */
		DDA9405A2DBF4FC600837F9F /* Frameworks */ = {
			isa = PBXFrameworksBuildPhase;
			buildActionMask = 2147483647;
			files = (
			);
			runOnlyForDeploymentPostprocessing = 0;
		};
/* End PBXFrameworksBuildPhase section */

/* Begin PBXGroup section */
		DDA810D12DE18C8C000A2349 /* Managers */ = {
			isa = PBXGroup;
			children = (
				DDA810D42DE18CBD000A2349 /* DungeonGameManager.swift */,
				DDA810C92DE17E68000A2349 /* DungeonMapGenerator.swift */,
				DDA810D22DE18CAF000A2349 /* DungeonGameState.swift */,
			);
			path = Managers;
			sourceTree = "<group>";
		};
		DDA940542DBF4FC600837F9F = {
			isa = PBXGroup;
			children = (
				DDA9405F2DBF4FC600837F9F /* SwiftDungeon */,
				DDA9405E2DBF4FC600837F9F /* Products */,
			);
			sourceTree = "<group>";
		};
		DDA9405E2DBF4FC600837F9F /* Products */ = {
			isa = PBXGroup;
			children = (
				DDA9405D2DBF4FC600837F9F /* SwiftDungeon.app */,
			);
			name = Products;
			sourceTree = "<group>";
		};
		DDA9405F2DBF4FC600837F9F /* SwiftDungeon */ = {
			isa = PBXGroup;
			children = (
				DDA940602DBF4FC600837F9F /* SwiftDungeonApp.swift */,
				DDA74FEE2DD7C1DC002FABD6 /* AppCoordinator.swift */,
				DDA9EF152DD99800004ED19D /* Menu.swift */,
				DDAB3E502DC72B7800DBA1C8 /* Documentation */,
				DDAA040A2DC46E3400C801B4 /* Domain */,
				DDAA040B2DC46E4D00C801B4 /* Scenes */,
				DDA940712DBF50FF00837F9F /* Helpers */,
				DDA940662DBF4FCD00837F9F /* Preview Content */,
			);
			path = SwiftDungeon;
			sourceTree = "<group>";
		};
		DDA940662DBF4FCD00837F9F /* Preview Content */ = {
			isa = PBXGroup;
			children = (
				DDA940672DBF4FCD00837F9F /* Preview Assets.xcassets */,
			);
			path = "Preview Content";
			sourceTree = "<group>";
		};
		DDA9406E2DBF50DE00837F9F /* View */ = {
			isa = PBXGroup;
			children = (
				DDA940622DBF4FC600837F9F /* RoomView.swift */,
				DDAC133E2DC9F18000E42D65 /* CharacterTile.swift */,
				DDAC13342DC9F08800E42D65 /* ExperienceBar.swift */,
				DDAC13362DC9F0CA00E42D65 /* HealthBar.swift */,
				DDAC13382DC9F0F800E42D65 /* ManaBar.swift */,
				DDAC133A2DC9F11B00E42D65 /* EnergyBar.swift */,
				DDAC133C2DC9F15500E42D65 /* StatusBar.swift */,
				DDAC13402DC9F1A300E42D65 /* BorderedView.swift */,
				DDACC5612DD855EA00549907 /* HighlightAnimation.swift */,
			);
			path = View;
			sourceTree = "<group>";
		};
		DDA9406F2DBF50E400837F9F /* Model */ = {
			isa = PBXGroup;
			children = (
				DDAA56E02DC881C2006E663D /* SceneUISection.swift */,
				DDAA040D2DC46F4400C801B4 /* RoomUIState.swift */,
				DDAA040F2DC46F5700C801B4 /* SceneUIState.swift */,
				DDAA04112DC46F7900C801B4 /* HeroUIState.swift */,
				DDAA04132DC46F8100C801B4 /* EnemyUIState.swift */,
				DDAACE852DD483CB00C74209 /* RoomGameStateSnapshot.swift */,
			);
			path = Model;
			sourceTree = "<group>";
		};
		DDA940702DBF50E800837F9F /* ViewModel */ = {
			isa = PBXGroup;
			children = (
				DDA940722DBF519200837F9F /* RoomViewModel.swift */,
			);
			path = ViewModel;
			sourceTree = "<group>";
		};
		DDA940712DBF50FF00837F9F /* Helpers */ = {
			isa = PBXGroup;
			children = (
				DDA940642DBF4FCD00837F9F /* Assets.xcassets */,
			);
			path = Helpers;
			sourceTree = "<group>";
		};
		DDAA040A2DC46E3400C801B4 /* Domain */ = {
			isa = PBXGroup;
			children = (
				DDAC13302DC9B24000E42D65 /* Protocols */,
				DDAF16452DC5C67100D4109C /* GameConfig.swift */,
				DDA940762DBF522300837F9F /* Character.swift */,
				DDC129F22DC26AF6006CBC41 /* Effect.swift */,
				DDC129F42DC27EE6006CBC41 /* Stats.swift */,
				DDACC55F2DD8490C00549907 /* Turn.swift */,
			);
			path = Domain;
			sourceTree = "<group>";
		};
		DDAA040B2DC46E4D00C801B4 /* Scenes */ = {
			isa = PBXGroup;
			children = (
				DDAA04152DC4879E00C801B4 /* MainMenuScene */,
				DDACC5632DD8632D00549907 /* WorldScene */,
				DDAA04182DC487BA00C801B4 /* TownScene */,
				DDAA04172DC487B100C801B4 /* CorridorScene */,
				DDAA04162DC487A400C801B4 /* DungeonScene */,
				DDAA040C2DC46EA600C801B4 /* RoomScene */,
			);
			path = Scenes;
			sourceTree = "<group>";
		};
		DDAA040C2DC46EA600C801B4 /* RoomScene */ = {
			isa = PBXGroup;
			children = (
				DDAC13312DC9E30700E42D65 /* RoomBuilder.swift */,
				DDA940702DBF50E800837F9F /* ViewModel */,
				DDAC13442DC9F2D500E42D65 /* Managers */,
				DDA9406F2DBF50E400837F9F /* Model */,
				DDA9406E2DBF50DE00837F9F /* View */,
			);
			path = RoomScene;
			sourceTree = "<group>";
		};
		DDAA04152DC4879E00C801B4 /* MainMenuScene */ = {
			isa = PBXGroup;
			children = (
				DDACC5642DD87E5900549907 /* MainMenuView.swift */,
				DDACC5662DD87E6500549907 /* MainMenuViewModel.swift */,
			);
			path = MainMenuScene;
			sourceTree = "<group>";
		};
		DDAA04162DC487A400C801B4 /* DungeonScene */ = {
			isa = PBXGroup;
			children = (
				DDAA4C3D2DE0730D0007E5DA /* DungeonBuilder.swift */,
				DDA810D12DE18C8C000A2349 /* Managers */,
				DDAA4C382DE072970007E5DA /* Model */,
				DDAA4C372DE072920007E5DA /* ViewModel */,
				DDAA4C362DE0728E0007E5DA /* View */,
			);
			path = DungeonScene;
			sourceTree = "<group>";
		};
		DDAA04172DC487B100C801B4 /* CorridorScene */ = {
			isa = PBXGroup;
			children = (
				DDAA4C222DE06E1F0007E5DA /* CorridorBuilder.swift */,
				DDAA4C1F2DE06DFC0007E5DA /* Model */,
				DDAA4C212DE06E040007E5DA /* ViewModel */,
				DDAA4C202DE06DFF0007E5DA /* View */,
			);
			path = CorridorScene;
			sourceTree = "<group>";
		};
		DDAA04182DC487BA00C801B4 /* TownScene */ = {
			isa = PBXGroup;
			children = (
				DDAA4C242DE0700D0007E5DA /* TownBuilder.swift */,
				DDAA4C262DE070320007E5DA /* Model */,
				DDAA4C272DE070390007E5DA /* ViewModel */,
				DDAA4C282DE0703E0007E5DA /* View */,
			);
			path = TownScene;
			sourceTree = "<group>";
		};
		DDAA4C1F2DE06DFC0007E5DA /* Model */ = {
			isa = PBXGroup;
			children = (
			);
			path = Model;
			sourceTree = "<group>";
		};
		DDAA4C202DE06DFF0007E5DA /* View */ = {
			isa = PBXGroup;
			children = (
				DDAA4C1D2DE06C1B0007E5DA /* CorridorView.swift */,
			);
			path = View;
			sourceTree = "<group>";
		};
		DDAA4C212DE06E040007E5DA /* ViewModel */ = {
			isa = PBXGroup;
			children = (
				DDAA4C1B2DE06C0E0007E5DA /* CorridorViewModel.swift */,
			);
			path = ViewModel;
			sourceTree = "<group>";
		};
		DDAA4C262DE070320007E5DA /* Model */ = {
			isa = PBXGroup;
			children = (
			);
			path = Model;
			sourceTree = "<group>";
		};
		DDAA4C272DE070390007E5DA /* ViewModel */ = {
			isa = PBXGroup;
			children = (
				DDAA4C292DE070600007E5DA /* TownViewModel.swift */,
			);
			path = ViewModel;
			sourceTree = "<group>";
		};
		DDAA4C282DE0703E0007E5DA /* View */ = {
			isa = PBXGroup;
			children = (
				DDAA4C2B2DE0706A0007E5DA /* TownView.swift */,
			);
			path = View;
			sourceTree = "<group>";
		};
		DDAA4C2D2DE071860007E5DA /* View */ = {
			isa = PBXGroup;
			children = (
				DDAA4C322DE071CA0007E5DA /* WorldView.swift */,
			);
			path = View;
			sourceTree = "<group>";
		};
		DDAA4C2E2DE0718E0007E5DA /* ViewModel */ = {
			isa = PBXGroup;
			children = (
				DDAA4C302DE071B00007E5DA /* WorldViewModel.swift */,
			);
			path = ViewModel;
			sourceTree = "<group>";
		};
		DDAA4C2F2DE071940007E5DA /* Model */ = {
			isa = PBXGroup;
			children = (
			);
			path = Model;
			sourceTree = "<group>";
		};
		DDAA4C362DE0728E0007E5DA /* View */ = {
			isa = PBXGroup;
			children = (
				DDAA4C392DE072A90007E5DA /* DungeonView.swift */,
			);
			path = View;
			sourceTree = "<group>";
		};
		DDAA4C372DE072920007E5DA /* ViewModel */ = {
			isa = PBXGroup;
			children = (
				DDAA4C3B2DE072E40007E5DA /* DungeonViewModel.swift */,
			);
			path = ViewModel;
			sourceTree = "<group>";
		};
		DDAA4C382DE072970007E5DA /* Model */ = {
			isa = PBXGroup;
			children = (
				DDA810CB2DE17EF9000A2349 /* Tile.swift */,
				DDA810CD2DE17F35000A2349 /* TileType.swift */,
				DDA810CF2DE17FCD000A2349 /* EventType.swift */,
			);
			path = Model;
			sourceTree = "<group>";
		};
		DDAB3E502DC72B7800DBA1C8 /* Documentation */ = {
			isa = PBXGroup;
			children = (
				DDAB3E4C2DC72B5800DBA1C8 /* CurrentPlan */,
				DDC129F02DC25858006CBC41 /* Notes */,
				DDAB3E4E2DC72B6800DBA1C8 /* Bugs */,
			);
			path = Documentation;
			sourceTree = "<group>";
		};
		DDAC13302DC9B24000E42D65 /* Protocols */ = {
			isa = PBXGroup;
			children = (
				DD2D743F2DCB0D83005396F3 /* WorldStateMachine.swift */,
				DDA940742DBF51C800837F9F /* Creature.swift */,
			);
			path = Protocols;
			sourceTree = "<group>";
		};
		DDAC13442DC9F2D500E42D65 /* Managers */ = {
			isa = PBXGroup;
			children = (
				DDAC13422DC9F29600E42D65 /* RoomGameManager.swift */,
				DDA59C482DC07582007877A6 /* RoomGameState.swift */,
				DDAB3E512DC7362A00DBA1C8 /* EffectManager.swift */,
				DD2D74412DCB1C09005396F3 /* ActionHandler.swift */,
				DDA9407B2DBF538700837F9F /* ActionCalculator.swift */,
				DDA9407D2DBF53E000837F9F /* CharactersManager.swift */,
				DD2D74432DCB1C3A005396F3 /* TurnManager.swift */,
				DDAA56E22DC88279006E663D /* SceneUIStateManager.swift */,
			);
			path = Managers;
			sourceTree = "<group>";
		};
		DDACC5632DD8632D00549907 /* WorldScene */ = {
			isa = PBXGroup;
			children = (
				DDAA4C342DE0724E0007E5DA /* WorldBuilder.swift */,
				DDAA4C2F2DE071940007E5DA /* Model */,
				DDAA4C2E2DE0718E0007E5DA /* ViewModel */,
				DDAA4C2D2DE071860007E5DA /* View */,
			);
			path = WorldScene;
			sourceTree = "<group>";
		};
/* End PBXGroup section */

/* Begin PBXNativeTarget section */
		DDA9405C2DBF4FC600837F9F /* SwiftDungeon */ = {
			isa = PBXNativeTarget;
			buildConfigurationList = DDA9406B2DBF4FCD00837F9F /* Build configuration list for PBXNativeTarget "SwiftDungeon" */;
			buildPhases = (
				DDA940592DBF4FC600837F9F /* Sources */,
				DDA9405A2DBF4FC600837F9F /* Frameworks */,
				DDA9405B2DBF4FC600837F9F /* Resources */,
			);
			buildRules = (
			);
			dependencies = (
			);
			name = SwiftDungeon;
			productName = SwiftDungeon;
			productReference = DDA9405D2DBF4FC600837F9F /* SwiftDungeon.app */;
			productType = "com.apple.product-type.application";
		};
/* End PBXNativeTarget section */

/* Begin PBXProject section */
		DDA940552DBF4FC600837F9F /* Project object */ = {
			isa = PBXProject;
			attributes = {
				BuildIndependentTargetsInParallel = 1;
				LastSwiftUpdateCheck = 1420;
				LastUpgradeCheck = 1420;
				TargetAttributes = {
					DDA9405C2DBF4FC600837F9F = {
						CreatedOnToolsVersion = 14.2;
					};
				};
			};
			buildConfigurationList = DDA940582DBF4FC600837F9F /* Build configuration list for PBXProject "SwiftDungeon" */;
			compatibilityVersion = "Xcode 14.0";
			developmentRegion = en;
			hasScannedForEncodings = 0;
			knownRegions = (
				en,
				Base,
			);
			mainGroup = DDA940542DBF4FC600837F9F;
			productRefGroup = DDA9405E2DBF4FC600837F9F /* Products */;
			projectDirPath = "";
			projectRoot = "";
			targets = (
				DDA9405C2DBF4FC600837F9F /* SwiftDungeon */,
			);
		};
/* End PBXProject section */

/* Begin PBXResourcesBuildPhase section */
		DDA9405B2DBF4FC600837F9F /* Resources */ = {
			isa = PBXResourcesBuildPhase;
			buildActionMask = 2147483647;
			files = (
				DDC129F12DC25858006CBC41 /* Notes in Resources */,
				DDAB3E4D2DC72B5800DBA1C8 /* CurrentPlan in Resources */,
				DDA940682DBF4FCD00837F9F /* Preview Assets.xcassets in Resources */,
				DDA940652DBF4FCD00837F9F /* Assets.xcassets in Resources */,
				DDAB3E4F2DC72B6800DBA1C8 /* Bugs in Resources */,
			);
			runOnlyForDeploymentPostprocessing = 0;
		};
/* End PBXResourcesBuildPhase section */

/* Begin PBXSourcesBuildPhase section */
		DDA940592DBF4FC600837F9F /* Sources */ = {
			isa = PBXSourcesBuildPhase;
			buildActionMask = 2147483647;
			files = (
				DDA810CC2DE17EF9000A2349 /* Tile.swift in Sources */,
				DD2D74402DCB0D83005396F3 /* WorldStateMachine.swift in Sources */,
				DDA810CA2DE17E68000A2349 /* DungeonMapGenerator.swift in Sources */,
				DDAA56E12DC881C2006E663D /* SceneUISection.swift in Sources */,
				DDA74FEF2DD7C1DC002FABD6 /* AppCoordinator.swift in Sources */,
				DDAA4C232DE06E1F0007E5DA /* CorridorBuilder.swift in Sources */,
				DDA9407C2DBF538700837F9F /* ActionCalculator.swift in Sources */,
				DDAF16462DC5C67100D4109C /* GameConfig.swift in Sources */,
				DDAC133D2DC9F15500E42D65 /* StatusBar.swift in Sources */,
				DDC129F52DC27EE6006CBC41 /* Stats.swift in Sources */,
				DDAA4C2A2DE070600007E5DA /* TownViewModel.swift in Sources */,
				DDAC13412DC9F1A300E42D65 /* BorderedView.swift in Sources */,
				DDACC5672DD87E6500549907 /* MainMenuViewModel.swift in Sources */,
				DDAA4C312DE071B00007E5DA /* WorldViewModel.swift in Sources */,
				DDC129F32DC26AF6006CBC41 /* Effect.swift in Sources */,
				DDAA4C3E2DE0730D0007E5DA /* DungeonBuilder.swift in Sources */,
				DDAA4C3A2DE072A90007E5DA /* DungeonView.swift in Sources */,
				DDA940772DBF522300837F9F /* Character.swift in Sources */,
				DDAC13352DC9F08800E42D65 /* ExperienceBar.swift in Sources */,
				DDAC13372DC9F0CA00E42D65 /* HealthBar.swift in Sources */,
				DDA940632DBF4FC600837F9F /* RoomView.swift in Sources */,
				DDAA4C2C2DE0706A0007E5DA /* TownView.swift in Sources */,
				DDAA4C252DE0700D0007E5DA /* TownBuilder.swift in Sources */,
				DDA810D52DE18CBD000A2349 /* DungeonGameManager.swift in Sources */,
				DDAB3E522DC7362A00DBA1C8 /* EffectManager.swift in Sources */,
				DDAA04122DC46F7900C801B4 /* HeroUIState.swift in Sources */,
				DDAA4C1C2DE06C0E0007E5DA /* CorridorViewModel.swift in Sources */,
				DDACC5652DD87E5900549907 /* MainMenuView.swift in Sources */,
				DD2D74422DCB1C09005396F3 /* ActionHandler.swift in Sources */,
				DDAA040E2DC46F4400C801B4 /* RoomUIState.swift in Sources */,
				DDAC133F2DC9F18000E42D65 /* CharacterTile.swift in Sources */,
				DDA940732DBF519200837F9F /* RoomViewModel.swift in Sources */,
				DDACC5602DD8490C00549907 /* Turn.swift in Sources */,
				DD2D74442DCB1C3A005396F3 /* TurnManager.swift in Sources */,
				DDAA4C1E2DE06C1B0007E5DA /* CorridorView.swift in Sources */,
				DDACC5622DD855EB00549907 /* HighlightAnimation.swift in Sources */,
				DDA810D02DE17FCD000A2349 /* EventType.swift in Sources */,
				DDA810D32DE18CAF000A2349 /* DungeonGameState.swift in Sources */,
				DDA9407E2DBF53E000837F9F /* CharactersManager.swift in Sources */,
				DDAA4C332DE071CA0007E5DA /* WorldView.swift in Sources */,
				DDAACE862DD483CB00C74209 /* RoomGameStateSnapshot.swift in Sources */,
				DDA59C492DC07582007877A6 /* RoomGameState.swift in Sources */,
				DDA9EF162DD99800004ED19D /* Menu.swift in Sources */,
				DDAA4C3C2DE072E40007E5DA /* DungeonViewModel.swift in Sources */,
				DDAA04142DC46F8100C801B4 /* EnemyUIState.swift in Sources */,
				DDAC13392DC9F0F800E42D65 /* ManaBar.swift in Sources */,
				DDAA56E32DC88279006E663D /* SceneUIStateManager.swift in Sources */,
				DDAC13322DC9E30700E42D65 /* RoomBuilder.swift in Sources */,
				DDA940612DBF4FC600837F9F /* SwiftDungeonApp.swift in Sources */,
				DDAC13432DC9F29600E42D65 /* RoomGameManager.swift in Sources */,
				DDAA4C352DE0724E0007E5DA /* WorldBuilder.swift in Sources */,
				DDAC133B2DC9F11B00E42D65 /* EnergyBar.swift in Sources */,
				DDA810CE2DE17F35000A2349 /* TileType.swift in Sources */,
				DDA940752DBF51C800837F9F /* Creature.swift in Sources */,
				DDAA04102DC46F5700C801B4 /* SceneUIState.swift in Sources */,
			);
			runOnlyForDeploymentPostprocessing = 0;
		};
/* End PBXSourcesBuildPhase section */

/* Begin XCBuildConfiguration section */
		DDA940692DBF4FCD00837F9F /* Debug */ = {
			isa = XCBuildConfiguration;
			buildSettings = {
				ALWAYS_SEARCH_USER_PATHS = NO;
				CLANG_ANALYZER_NONNULL = YES;
				CLANG_ANALYZER_NUMBER_OBJECT_CONVERSION = YES_AGGRESSIVE;
				CLANG_CXX_LANGUAGE_STANDARD = "gnu++20";
				CLANG_ENABLE_MODULES = YES;
				CLANG_ENABLE_OBJC_ARC = YES;
				CLANG_ENABLE_OBJC_WEAK = YES;
				CLANG_WARN_BLOCK_CAPTURE_AUTORELEASING = YES;
				CLANG_WARN_BOOL_CONVERSION = YES;
				CLANG_WARN_COMMA = YES;
				CLANG_WARN_CONSTANT_CONVERSION = YES;
				CLANG_WARN_DEPRECATED_OBJC_IMPLEMENTATIONS = YES;
				CLANG_WARN_DIRECT_OBJC_ISA_USAGE = YES_ERROR;
				CLANG_WARN_DOCUMENTATION_COMMENTS = YES;
				CLANG_WARN_EMPTY_BODY = YES;
				CLANG_WARN_ENUM_CONVERSION = YES;
				CLANG_WARN_INFINITE_RECURSION = YES;
				CLANG_WARN_INT_CONVERSION = YES;
				CLANG_WARN_NON_LITERAL_NULL_CONVERSION = YES;
				CLANG_WARN_OBJC_IMPLICIT_RETAIN_SELF = YES;
				CLANG_WARN_OBJC_LITERAL_CONVERSION = YES;
				CLANG_WARN_OBJC_ROOT_CLASS = YES_ERROR;
				CLANG_WARN_QUOTED_INCLUDE_IN_FRAMEWORK_HEADER = YES;
				CLANG_WARN_RANGE_LOOP_ANALYSIS = YES;
				CLANG_WARN_STRICT_PROTOTYPES = YES;
				CLANG_WARN_SUSPICIOUS_MOVE = YES;
				CLANG_WARN_UNGUARDED_AVAILABILITY = YES_AGGRESSIVE;
				CLANG_WARN_UNREACHABLE_CODE = YES;
				CLANG_WARN__DUPLICATE_METHOD_MATCH = YES;
				COPY_PHASE_STRIP = NO;
				DEBUG_INFORMATION_FORMAT = dwarf;
				ENABLE_STRICT_OBJC_MSGSEND = YES;
				ENABLE_TESTABILITY = YES;
				GCC_C_LANGUAGE_STANDARD = gnu11;
				GCC_DYNAMIC_NO_PIC = NO;
				GCC_NO_COMMON_BLOCKS = YES;
				GCC_OPTIMIZATION_LEVEL = 0;
				GCC_PREPROCESSOR_DEFINITIONS = (
					"DEBUG=1",
					"$(inherited)",
				);
				GCC_WARN_64_TO_32_BIT_CONVERSION = YES;
				GCC_WARN_ABOUT_RETURN_TYPE = YES_ERROR;
				GCC_WARN_UNDECLARED_SELECTOR = YES;
				GCC_WARN_UNINITIALIZED_AUTOS = YES_AGGRESSIVE;
				GCC_WARN_UNUSED_FUNCTION = YES;
				GCC_WARN_UNUSED_VARIABLE = YES;
				IPHONEOS_DEPLOYMENT_TARGET = 16.0;
				MTL_ENABLE_DEBUG_INFO = INCLUDE_SOURCE;
				MTL_FAST_MATH = YES;
				ONLY_ACTIVE_ARCH = YES;
				SDKROOT = iphoneos;
				SWIFT_ACTIVE_COMPILATION_CONDITIONS = DEBUG;
				SWIFT_OPTIMIZATION_LEVEL = "-Onone";
			};
			name = Debug;
		};
		DDA9406A2DBF4FCD00837F9F /* Release */ = {
			isa = XCBuildConfiguration;
			buildSettings = {
				ALWAYS_SEARCH_USER_PATHS = NO;
				CLANG_ANALYZER_NONNULL = YES;
				CLANG_ANALYZER_NUMBER_OBJECT_CONVERSION = YES_AGGRESSIVE;
				CLANG_CXX_LANGUAGE_STANDARD = "gnu++20";
				CLANG_ENABLE_MODULES = YES;
				CLANG_ENABLE_OBJC_ARC = YES;
				CLANG_ENABLE_OBJC_WEAK = YES;
				CLANG_WARN_BLOCK_CAPTURE_AUTORELEASING = YES;
				CLANG_WARN_BOOL_CONVERSION = YES;
				CLANG_WARN_COMMA = YES;
				CLANG_WARN_CONSTANT_CONVERSION = YES;
				CLANG_WARN_DEPRECATED_OBJC_IMPLEMENTATIONS = YES;
				CLANG_WARN_DIRECT_OBJC_ISA_USAGE = YES_ERROR;
				CLANG_WARN_DOCUMENTATION_COMMENTS = YES;
				CLANG_WARN_EMPTY_BODY = YES;
				CLANG_WARN_ENUM_CONVERSION = YES;
				CLANG_WARN_INFINITE_RECURSION = YES;
				CLANG_WARN_INT_CONVERSION = YES;
				CLANG_WARN_NON_LITERAL_NULL_CONVERSION = YES;
				CLANG_WARN_OBJC_IMPLICIT_RETAIN_SELF = YES;
				CLANG_WARN_OBJC_LITERAL_CONVERSION = YES;
				CLANG_WARN_OBJC_ROOT_CLASS = YES_ERROR;
				CLANG_WARN_QUOTED_INCLUDE_IN_FRAMEWORK_HEADER = YES;
				CLANG_WARN_RANGE_LOOP_ANALYSIS = YES;
				CLANG_WARN_STRICT_PROTOTYPES = YES;
				CLANG_WARN_SUSPICIOUS_MOVE = YES;
				CLANG_WARN_UNGUARDED_AVAILABILITY = YES_AGGRESSIVE;
				CLANG_WARN_UNREACHABLE_CODE = YES;
				CLANG_WARN__DUPLICATE_METHOD_MATCH = YES;
				COPY_PHASE_STRIP = NO;
				DEBUG_INFORMATION_FORMAT = "dwarf-with-dsym";
				ENABLE_NS_ASSERTIONS = NO;
				ENABLE_STRICT_OBJC_MSGSEND = YES;
				GCC_C_LANGUAGE_STANDARD = gnu11;
				GCC_NO_COMMON_BLOCKS = YES;
				GCC_WARN_64_TO_32_BIT_CONVERSION = YES;
				GCC_WARN_ABOUT_RETURN_TYPE = YES_ERROR;
				GCC_WARN_UNDECLARED_SELECTOR = YES;
				GCC_WARN_UNINITIALIZED_AUTOS = YES_AGGRESSIVE;
				GCC_WARN_UNUSED_FUNCTION = YES;
				GCC_WARN_UNUSED_VARIABLE = YES;
				IPHONEOS_DEPLOYMENT_TARGET = 16.0;
				MTL_ENABLE_DEBUG_INFO = NO;
				MTL_FAST_MATH = YES;
				SDKROOT = iphoneos;
				SWIFT_COMPILATION_MODE = wholemodule;
				SWIFT_OPTIMIZATION_LEVEL = "-O";
				VALIDATE_PRODUCT = YES;
			};
			name = Release;
		};
		DDA9406C2DBF4FCD00837F9F /* Debug */ = {
			isa = XCBuildConfiguration;
			buildSettings = {
				ASSETCATALOG_COMPILER_APPICON_NAME = AppIcon;
				ASSETCATALOG_COMPILER_GLOBAL_ACCENT_COLOR_NAME = AccentColor;
				CODE_SIGN_STYLE = Automatic;
				CURRENT_PROJECT_VERSION = 1;
				DEVELOPMENT_ASSET_PATHS = "\"SwiftDungeon/Preview Content\"";
				DEVELOPMENT_TEAM = 7YW3V66545;
				ENABLE_PREVIEWS = YES;
				GENERATE_INFOPLIST_FILE = YES;
				INFOPLIST_KEY_UIApplicationSceneManifest_Generation = YES;
				INFOPLIST_KEY_UIApplicationSupportsIndirectInputEvents = YES;
				INFOPLIST_KEY_UILaunchScreen_Generation = YES;
				INFOPLIST_KEY_UISupportedInterfaceOrientations_iPad = "UIInterfaceOrientationPortrait UIInterfaceOrientationPortraitUpsideDown UIInterfaceOrientationLandscapeLeft UIInterfaceOrientationLandscapeRight";
				INFOPLIST_KEY_UISupportedInterfaceOrientations_iPhone = "UIInterfaceOrientationPortrait UIInterfaceOrientationLandscapeLeft UIInterfaceOrientationLandscapeRight";
				IPHONEOS_DEPLOYMENT_TARGET = 16.0;
				LD_RUNPATH_SEARCH_PATHS = (
					"$(inherited)",
					"@executable_path/Frameworks",
				);
				MARKETING_VERSION = 1.0;
				PRODUCT_BUNDLE_IDENTIFIER = HieroniusTeam.SwiftDungeon;
				PRODUCT_NAME = "$(TARGET_NAME)";
				SWIFT_EMIT_LOC_STRINGS = YES;
				SWIFT_VERSION = 5.0;
				TARGETED_DEVICE_FAMILY = "1,2";
			};
			name = Debug;
		};
		DDA9406D2DBF4FCD00837F9F /* Release */ = {
			isa = XCBuildConfiguration;
			buildSettings = {
				ASSETCATALOG_COMPILER_APPICON_NAME = AppIcon;
				ASSETCATALOG_COMPILER_GLOBAL_ACCENT_COLOR_NAME = AccentColor;
				CODE_SIGN_STYLE = Automatic;
				CURRENT_PROJECT_VERSION = 1;
				DEVELOPMENT_ASSET_PATHS = "\"SwiftDungeon/Preview Content\"";
				DEVELOPMENT_TEAM = 7YW3V66545;
				ENABLE_PREVIEWS = YES;
				GENERATE_INFOPLIST_FILE = YES;
				INFOPLIST_KEY_UIApplicationSceneManifest_Generation = YES;
				INFOPLIST_KEY_UIApplicationSupportsIndirectInputEvents = YES;
				INFOPLIST_KEY_UILaunchScreen_Generation = YES;
				INFOPLIST_KEY_UISupportedInterfaceOrientations_iPad = "UIInterfaceOrientationPortrait UIInterfaceOrientationPortraitUpsideDown UIInterfaceOrientationLandscapeLeft UIInterfaceOrientationLandscapeRight";
				INFOPLIST_KEY_UISupportedInterfaceOrientations_iPhone = "UIInterfaceOrientationPortrait UIInterfaceOrientationLandscapeLeft UIInterfaceOrientationLandscapeRight";
				IPHONEOS_DEPLOYMENT_TARGET = 16.0;
				LD_RUNPATH_SEARCH_PATHS = (
					"$(inherited)",
					"@executable_path/Frameworks",
				);
				MARKETING_VERSION = 1.0;
				PRODUCT_BUNDLE_IDENTIFIER = HieroniusTeam.SwiftDungeon;
				PRODUCT_NAME = "$(TARGET_NAME)";
				SWIFT_EMIT_LOC_STRINGS = YES;
				SWIFT_VERSION = 5.0;
				TARGETED_DEVICE_FAMILY = "1,2";
			};
			name = Release;
		};
/* End XCBuildConfiguration section */

/* Begin XCConfigurationList section */
		DDA940582DBF4FC600837F9F /* Build configuration list for PBXProject "SwiftDungeon" */ = {
			isa = XCConfigurationList;
			buildConfigurations = (
				DDA940692DBF4FCD00837F9F /* Debug */,
				DDA9406A2DBF4FCD00837F9F /* Release */,
			);
			defaultConfigurationIsVisible = 0;
			defaultConfigurationName = Release;
		};
		DDA9406B2DBF4FCD00837F9F /* Build configuration list for PBXNativeTarget "SwiftDungeon" */ = {
			isa = XCConfigurationList;
			buildConfigurations = (
				DDA9406C2DBF4FCD00837F9F /* Debug */,
				DDA9406D2DBF4FCD00837F9F /* Release */,
			);
			defaultConfigurationIsVisible = 0;
			defaultConfigurationName = Release;
		};
/* End XCConfigurationList section */
	};
	rootObject = DDA940552DBF4FC600837F9F /* Project object */;
}
