// !$*UTF8*$!
{
	archiveVersion = 1;
	classes = {
	};
	objectVersion = 56;
	objects = {

/* Begin PBXBuildFile section */
		DDA59C492DC07582007877A6 /* GameState.swift in Sources */ = {isa = PBXBuildFile; fileRef = DDA59C482DC07582007877A6 /* GameState.swift */; };
		DDA940612DBF4FC600837F9F /* SwiftDungeonApp.swift in Sources */ = {isa = PBXBuildFile; fileRef = DDA940602DBF4FC600837F9F /* SwiftDungeonApp.swift */; };
		DDA940632DBF4FC600837F9F /* RoomView.swift in Sources */ = {isa = PBXBuildFile; fileRef = DDA940622DBF4FC600837F9F /* RoomView.swift */; };
		DDA940652DBF4FCD00837F9F /* Assets.xcassets in Resources */ = {isa = PBXBuildFile; fileRef = DDA940642DBF4FCD00837F9F /* Assets.xcassets */; };
		DDA940682DBF4FCD00837F9F /* Preview Assets.xcassets in Resources */ = {isa = PBXBuildFile; fileRef = DDA940672DBF4FCD00837F9F /* Preview Assets.xcassets */; };
		DDA940732DBF519200837F9F /* RoomViewModel.swift in Sources */ = {isa = PBXBuildFile; fileRef = DDA940722DBF519200837F9F /* RoomViewModel.swift */; };
		DDA940752DBF51C800837F9F /* Creature.swift in Sources */ = {isa = PBXBuildFile; fileRef = DDA940742DBF51C800837F9F /* Creature.swift */; };
		DDA940772DBF522300837F9F /* Character.swift in Sources */ = {isa = PBXBuildFile; fileRef = DDA940762DBF522300837F9F /* Character.swift */; };
		DDA9407C2DBF538700837F9F /* CombatManager.swift in Sources */ = {isa = PBXBuildFile; fileRef = DDA9407B2DBF538700837F9F /* CombatManager.swift */; };
		DDA9407E2DBF53E000837F9F /* CharactersManager.swift in Sources */ = {isa = PBXBuildFile; fileRef = DDA9407D2DBF53E000837F9F /* CharactersManager.swift */; };
		DDC129F12DC25858006CBC41 /* Notes in Resources */ = {isa = PBXBuildFile; fileRef = DDC129F02DC25858006CBC41 /* Notes */; };
		DDC129F32DC26AF6006CBC41 /* Effect.swift in Sources */ = {isa = PBXBuildFile; fileRef = DDC129F22DC26AF6006CBC41 /* Effect.swift */; };
/* End PBXBuildFile section */

/* Begin PBXFileReference section */
		DDA59C482DC07582007877A6 /* GameState.swift */ = {isa = PBXFileReference; lastKnownFileType = sourcecode.swift; path = GameState.swift; sourceTree = "<group>"; };
		DDA9405D2DBF4FC600837F9F /* SwiftDungeon.app */ = {isa = PBXFileReference; explicitFileType = wrapper.application; includeInIndex = 0; path = SwiftDungeon.app; sourceTree = BUILT_PRODUCTS_DIR; };
		DDA940602DBF4FC600837F9F /* SwiftDungeonApp.swift */ = {isa = PBXFileReference; lastKnownFileType = sourcecode.swift; path = SwiftDungeonApp.swift; sourceTree = "<group>"; };
		DDA940622DBF4FC600837F9F /* RoomView.swift */ = {isa = PBXFileReference; lastKnownFileType = sourcecode.swift; path = RoomView.swift; sourceTree = "<group>"; };
		DDA940642DBF4FCD00837F9F /* Assets.xcassets */ = {isa = PBXFileReference; lastKnownFileType = folder.assetcatalog; path = Assets.xcassets; sourceTree = "<group>"; };
		DDA940672DBF4FCD00837F9F /* Preview Assets.xcassets */ = {isa = PBXFileReference; lastKnownFileType = folder.assetcatalog; path = "Preview Assets.xcassets"; sourceTree = "<group>"; };
		DDA940722DBF519200837F9F /* RoomViewModel.swift */ = {isa = PBXFileReference; lastKnownFileType = sourcecode.swift; path = RoomViewModel.swift; sourceTree = "<group>"; };
		DDA940742DBF51C800837F9F /* Creature.swift */ = {isa = PBXFileReference; lastKnownFileType = sourcecode.swift; path = Creature.swift; sourceTree = "<group>"; };
		DDA940762DBF522300837F9F /* Character.swift */ = {isa = PBXFileReference; lastKnownFileType = sourcecode.swift; path = Character.swift; sourceTree = "<group>"; };
		DDA9407B2DBF538700837F9F /* CombatManager.swift */ = {isa = PBXFileReference; lastKnownFileType = sourcecode.swift; path = CombatManager.swift; sourceTree = "<group>"; };
		DDA9407D2DBF53E000837F9F /* CharactersManager.swift */ = {isa = PBXFileReference; lastKnownFileType = sourcecode.swift; path = CharactersManager.swift; sourceTree = "<group>"; };
		DDC129F02DC25858006CBC41 /* Notes */ = {isa = PBXFileReference; lastKnownFileType = text; path = Notes; sourceTree = "<group>"; };
		DDC129F22DC26AF6006CBC41 /* Effect.swift */ = {isa = PBXFileReference; lastKnownFileType = sourcecode.swift; path = Effect.swift; sourceTree = "<group>"; };
/* End PBXFileReference section */

/* Begin PBXFrameworksBuildPhase section */
		DDA9405A2DBF4FC600837F9F /* Frameworks */ = {
			isa = PBXFrameworksBuildPhase;
			buildActionMask = 2147483647;
			files = (
			);
			runOnlyForDeploymentPostprocessing = 0;
		};
/* End PBXFrameworksBuildPhase section */

/* Begin PBXGroup section */
		DDA940542DBF4FC600837F9F = {
			isa = PBXGroup;
			children = (
				DDA9405F2DBF4FC600837F9F /* SwiftDungeon */,
				DDA9405E2DBF4FC600837F9F /* Products */,
			);
			sourceTree = "<group>";
		};
		DDA9405E2DBF4FC600837F9F /* Products */ = {
			isa = PBXGroup;
			children = (
				DDA9405D2DBF4FC600837F9F /* SwiftDungeon.app */,
			);
			name = Products;
			sourceTree = "<group>";
		};
		DDA9405F2DBF4FC600837F9F /* SwiftDungeon */ = {
			isa = PBXGroup;
			children = (
				DDC129F02DC25858006CBC41 /* Notes */,
				DDA940782DBF530700837F9F /* Managers */,
				DDA940702DBF50E800837F9F /* ViewModel */,
				DDA9406F2DBF50E400837F9F /* Model */,
				DDA9406E2DBF50DE00837F9F /* View */,
				DDA940712DBF50FF00837F9F /* Helpers */,
				DDA940662DBF4FCD00837F9F /* Preview Content */,
			);
			path = SwiftDungeon;
			sourceTree = "<group>";
		};
		DDA940662DBF4FCD00837F9F /* Preview Content */ = {
			isa = PBXGroup;
			children = (
				DDA940672DBF4FCD00837F9F /* Preview Assets.xcassets */,
			);
			path = "Preview Content";
			sourceTree = "<group>";
		};
		DDA9406E2DBF50DE00837F9F /* View */ = {
			isa = PBXGroup;
			children = (
				DDA940622DBF4FC600837F9F /* RoomView.swift */,
			);
			path = View;
			sourceTree = "<group>";
		};
		DDA9406F2DBF50E400837F9F /* Model */ = {
			isa = PBXGroup;
			children = (
				DDA940742DBF51C800837F9F /* Creature.swift */,
				DDA940762DBF522300837F9F /* Character.swift */,
				DDC129F22DC26AF6006CBC41 /* Effect.swift */,
			);
			path = Model;
			sourceTree = "<group>";
		};
		DDA940702DBF50E800837F9F /* ViewModel */ = {
			isa = PBXGroup;
			children = (
				DDA940722DBF519200837F9F /* RoomViewModel.swift */,
			);
			path = ViewModel;
			sourceTree = "<group>";
		};
		DDA940712DBF50FF00837F9F /* Helpers */ = {
			isa = PBXGroup;
			children = (
				DDA940602DBF4FC600837F9F /* SwiftDungeonApp.swift */,
				DDA940642DBF4FCD00837F9F /* Assets.xcassets */,
			);
			path = Helpers;
			sourceTree = "<group>";
		};
		DDA940782DBF530700837F9F /* Managers */ = {
			isa = PBXGroup;
			children = (
				DDA9407B2DBF538700837F9F /* CombatManager.swift */,
				DDA9407D2DBF53E000837F9F /* CharactersManager.swift */,
				DDA59C482DC07582007877A6 /* GameState.swift */,
			);
			path = Managers;
			sourceTree = "<group>";
		};
/* End PBXGroup section */

/* Begin PBXNativeTarget section */
		DDA9405C2DBF4FC600837F9F /* SwiftDungeon */ = {
			isa = PBXNativeTarget;
			buildConfigurationList = DDA9406B2DBF4FCD00837F9F /* Build configuration list for PBXNativeTarget "SwiftDungeon" */;
			buildPhases = (
				DDA940592DBF4FC600837F9F /* Sources */,
				DDA9405A2DBF4FC600837F9F /* Frameworks */,
				DDA9405B2DBF4FC600837F9F /* Resources */,
			);
			buildRules = (
			);
			dependencies = (
			);
			name = SwiftDungeon;
			productName = SwiftDungeon;
			productReference = DDA9405D2DBF4FC600837F9F /* SwiftDungeon.app */;
			productType = "com.apple.product-type.application";
		};
/* End PBXNativeTarget section */

/* Begin PBXProject section */
		DDA940552DBF4FC600837F9F /* Project object */ = {
			isa = PBXProject;
			attributes = {
				BuildIndependentTargetsInParallel = 1;
				LastSwiftUpdateCheck = 1420;
				LastUpgradeCheck = 1420;
				TargetAttributes = {
					DDA9405C2DBF4FC600837F9F = {
						CreatedOnToolsVersion = 14.2;
					};
				};
			};
			buildConfigurationList = DDA940582DBF4FC600837F9F /* Build configuration list for PBXProject "SwiftDungeon" */;
			compatibilityVersion = "Xcode 14.0";
			developmentRegion = en;
			hasScannedForEncodings = 0;
			knownRegions = (
				en,
				Base,
			);
			mainGroup = DDA940542DBF4FC600837F9F;
			productRefGroup = DDA9405E2DBF4FC600837F9F /* Products */;
			projectDirPath = "";
			projectRoot = "";
			targets = (
				DDA9405C2DBF4FC600837F9F /* SwiftDungeon */,
			);
		};
/* End PBXProject section */

/* Begin PBXResourcesBuildPhase section */
		DDA9405B2DBF4FC600837F9F /* Resources */ = {
			isa = PBXResourcesBuildPhase;
			buildActionMask = 2147483647;
			files = (
				DDC129F12DC25858006CBC41 /* Notes in Resources */,
				DDA940682DBF4FCD00837F9F /* Preview Assets.xcassets in Resources */,
				DDA940652DBF4FCD00837F9F /* Assets.xcassets in Resources */,
			);
			runOnlyForDeploymentPostprocessing = 0;
		};
/* End PBXResourcesBuildPhase section */

/* Begin PBXSourcesBuildPhase section */
		DDA940592DBF4FC600837F9F /* Sources */ = {
			isa = PBXSourcesBuildPhase;
			buildActionMask = 2147483647;
			files = (
				DDA9407C2DBF538700837F9F /* CombatManager.swift in Sources */,
				DDC129F32DC26AF6006CBC41 /* Effect.swift in Sources */,
				DDA940772DBF522300837F9F /* Character.swift in Sources */,
				DDA940632DBF4FC600837F9F /* RoomView.swift in Sources */,
				DDA940732DBF519200837F9F /* RoomViewModel.swift in Sources */,
				DDA9407E2DBF53E000837F9F /* CharactersManager.swift in Sources */,
				DDA59C492DC07582007877A6 /* GameState.swift in Sources */,
				DDA940612DBF4FC600837F9F /* SwiftDungeonApp.swift in Sources */,
				DDA940752DBF51C800837F9F /* Creature.swift in Sources */,
			);
			runOnlyForDeploymentPostprocessing = 0;
		};
/* End PBXSourcesBuildPhase section */

/* Begin XCBuildConfiguration section */
		DDA940692DBF4FCD00837F9F /* Debug */ = {
			isa = XCBuildConfiguration;
			buildSettings = {
				ALWAYS_SEARCH_USER_PATHS = NO;
				CLANG_ANALYZER_NONNULL = YES;
				CLANG_ANALYZER_NUMBER_OBJECT_CONVERSION = YES_AGGRESSIVE;
				CLANG_CXX_LANGUAGE_STANDARD = "gnu++20";
				CLANG_ENABLE_MODULES = YES;
				CLANG_ENABLE_OBJC_ARC = YES;
				CLANG_ENABLE_OBJC_WEAK = YES;
				CLANG_WARN_BLOCK_CAPTURE_AUTORELEASING = YES;
				CLANG_WARN_BOOL_CONVERSION = YES;
				CLANG_WARN_COMMA = YES;
				CLANG_WARN_CONSTANT_CONVERSION = YES;
				CLANG_WARN_DEPRECATED_OBJC_IMPLEMENTATIONS = YES;
				CLANG_WARN_DIRECT_OBJC_ISA_USAGE = YES_ERROR;
				CLANG_WARN_DOCUMENTATION_COMMENTS = YES;
				CLANG_WARN_EMPTY_BODY = YES;
				CLANG_WARN_ENUM_CONVERSION = YES;
				CLANG_WARN_INFINITE_RECURSION = YES;
				CLANG_WARN_INT_CONVERSION = YES;
				CLANG_WARN_NON_LITERAL_NULL_CONVERSION = YES;
				CLANG_WARN_OBJC_IMPLICIT_RETAIN_SELF = YES;
				CLANG_WARN_OBJC_LITERAL_CONVERSION = YES;
				CLANG_WARN_OBJC_ROOT_CLASS = YES_ERROR;
				CLANG_WARN_QUOTED_INCLUDE_IN_FRAMEWORK_HEADER = YES;
				CLANG_WARN_RANGE_LOOP_ANALYSIS = YES;
				CLANG_WARN_STRICT_PROTOTYPES = YES;
				CLANG_WARN_SUSPICIOUS_MOVE = YES;
				CLANG_WARN_UNGUARDED_AVAILABILITY = YES_AGGRESSIVE;
				CLANG_WARN_UNREACHABLE_CODE = YES;
				CLANG_WARN__DUPLICATE_METHOD_MATCH = YES;
				COPY_PHASE_STRIP = NO;
				DEBUG_INFORMATION_FORMAT = dwarf;
				ENABLE_STRICT_OBJC_MSGSEND = YES;
				ENABLE_TESTABILITY = YES;
				GCC_C_LANGUAGE_STANDARD = gnu11;
				GCC_DYNAMIC_NO_PIC = NO;
				GCC_NO_COMMON_BLOCKS = YES;
				GCC_OPTIMIZATION_LEVEL = 0;
				GCC_PREPROCESSOR_DEFINITIONS = (
					"DEBUG=1",
					"$(inherited)",
				);
				GCC_WARN_64_TO_32_BIT_CONVERSION = YES;
				GCC_WARN_ABOUT_RETURN_TYPE = YES_ERROR;
				GCC_WARN_UNDECLARED_SELECTOR = YES;
				GCC_WARN_UNINITIALIZED_AUTOS = YES_AGGRESSIVE;
				GCC_WARN_UNUSED_FUNCTION = YES;
				GCC_WARN_UNUSED_VARIABLE = YES;
				IPHONEOS_DEPLOYMENT_TARGET = 16.2;
				MTL_ENABLE_DEBUG_INFO = INCLUDE_SOURCE;
				MTL_FAST_MATH = YES;
				ONLY_ACTIVE_ARCH = YES;
				SDKROOT = iphoneos;
				SWIFT_ACTIVE_COMPILATION_CONDITIONS = DEBUG;
				SWIFT_OPTIMIZATION_LEVEL = "-Onone";
			};
			name = Debug;
		};
		DDA9406A2DBF4FCD00837F9F /* Release */ = {
			isa = XCBuildConfiguration;
			buildSettings = {
				ALWAYS_SEARCH_USER_PATHS = NO;
				CLANG_ANALYZER_NONNULL = YES;
				CLANG_ANALYZER_NUMBER_OBJECT_CONVERSION = YES_AGGRESSIVE;
				CLANG_CXX_LANGUAGE_STANDARD = "gnu++20";
				CLANG_ENABLE_MODULES = YES;
				CLANG_ENABLE_OBJC_ARC = YES;
				CLANG_ENABLE_OBJC_WEAK = YES;
				CLANG_WARN_BLOCK_CAPTURE_AUTORELEASING = YES;
				CLANG_WARN_BOOL_CONVERSION = YES;
				CLANG_WARN_COMMA = YES;
				CLANG_WARN_CONSTANT_CONVERSION = YES;
				CLANG_WARN_DEPRECATED_OBJC_IMPLEMENTATIONS = YES;
				CLANG_WARN_DIRECT_OBJC_ISA_USAGE = YES_ERROR;
				CLANG_WARN_DOCUMENTATION_COMMENTS = YES;
				CLANG_WARN_EMPTY_BODY = YES;
				CLANG_WARN_ENUM_CONVERSION = YES;
				CLANG_WARN_INFINITE_RECURSION = YES;
				CLANG_WARN_INT_CONVERSION = YES;
				CLANG_WARN_NON_LITERAL_NULL_CONVERSION = YES;
				CLANG_WARN_OBJC_IMPLICIT_RETAIN_SELF = YES;
				CLANG_WARN_OBJC_LITERAL_CONVERSION = YES;
				CLANG_WARN_OBJC_ROOT_CLASS = YES_ERROR;
				CLANG_WARN_QUOTED_INCLUDE_IN_FRAMEWORK_HEADER = YES;
				CLANG_WARN_RANGE_LOOP_ANALYSIS = YES;
				CLANG_WARN_STRICT_PROTOTYPES = YES;
				CLANG_WARN_SUSPICIOUS_MOVE = YES;
				CLANG_WARN_UNGUARDED_AVAILABILITY = YES_AGGRESSIVE;
				CLANG_WARN_UNREACHABLE_CODE = YES;
				CLANG_WARN__DUPLICATE_METHOD_MATCH = YES;
				COPY_PHASE_STRIP = NO;
				DEBUG_INFORMATION_FORMAT = "dwarf-with-dsym";
				ENABLE_NS_ASSERTIONS = NO;
				ENABLE_STRICT_OBJC_MSGSEND = YES;
				GCC_C_LANGUAGE_STANDARD = gnu11;
				GCC_NO_COMMON_BLOCKS = YES;
				GCC_WARN_64_TO_32_BIT_CONVERSION = YES;
				GCC_WARN_ABOUT_RETURN_TYPE = YES_ERROR;
				GCC_WARN_UNDECLARED_SELECTOR = YES;
				GCC_WARN_UNINITIALIZED_AUTOS = YES_AGGRESSIVE;
				GCC_WARN_UNUSED_FUNCTION = YES;
				GCC_WARN_UNUSED_VARIABLE = YES;
				IPHONEOS_DEPLOYMENT_TARGET = 16.2;
				MTL_ENABLE_DEBUG_INFO = NO;
				MTL_FAST_MATH = YES;
				SDKROOT = iphoneos;
				SWIFT_COMPILATION_MODE = wholemodule;
				SWIFT_OPTIMIZATION_LEVEL = "-O";
				VALIDATE_PRODUCT = YES;
			};
			name = Release;
		};
		DDA9406C2DBF4FCD00837F9F /* Debug */ = {
			isa = XCBuildConfiguration;
			buildSettings = {
				ASSETCATALOG_COMPILER_APPICON_NAME = AppIcon;
				ASSETCATALOG_COMPILER_GLOBAL_ACCENT_COLOR_NAME = AccentColor;
				CODE_SIGN_STYLE = Automatic;
				CURRENT_PROJECT_VERSION = 1;
				DEVELOPMENT_ASSET_PATHS = "\"SwiftDungeon/Preview Content\"";
				DEVELOPMENT_TEAM = 7YW3V66545;
				ENABLE_PREVIEWS = YES;
				GENERATE_INFOPLIST_FILE = YES;
				INFOPLIST_KEY_UIApplicationSceneManifest_Generation = YES;
				INFOPLIST_KEY_UIApplicationSupportsIndirectInputEvents = YES;
				INFOPLIST_KEY_UILaunchScreen_Generation = YES;
				INFOPLIST_KEY_UISupportedInterfaceOrientations_iPad = "UIInterfaceOrientationPortrait UIInterfaceOrientationPortraitUpsideDown UIInterfaceOrientationLandscapeLeft UIInterfaceOrientationLandscapeRight";
				INFOPLIST_KEY_UISupportedInterfaceOrientations_iPhone = "UIInterfaceOrientationPortrait UIInterfaceOrientationLandscapeLeft UIInterfaceOrientationLandscapeRight";
				LD_RUNPATH_SEARCH_PATHS = (
					"$(inherited)",
					"@executable_path/Frameworks",
				);
				MARKETING_VERSION = 1.0;
				PRODUCT_BUNDLE_IDENTIFIER = HieroniusTeam.SwiftDungeon;
				PRODUCT_NAME = "$(TARGET_NAME)";
				SWIFT_EMIT_LOC_STRINGS = YES;
				SWIFT_VERSION = 5.0;
				TARGETED_DEVICE_FAMILY = "1,2";
			};
			name = Debug;
		};
		DDA9406D2DBF4FCD00837F9F /* Release */ = {
			isa = XCBuildConfiguration;
			buildSettings = {
				ASSETCATALOG_COMPILER_APPICON_NAME = AppIcon;
				ASSETCATALOG_COMPILER_GLOBAL_ACCENT_COLOR_NAME = AccentColor;
				CODE_SIGN_STYLE = Automatic;
				CURRENT_PROJECT_VERSION = 1;
				DEVELOPMENT_ASSET_PATHS = "\"SwiftDungeon/Preview Content\"";
				DEVELOPMENT_TEAM = 7YW3V66545;
				ENABLE_PREVIEWS = YES;
				GENERATE_INFOPLIST_FILE = YES;
				INFOPLIST_KEY_UIApplicationSceneManifest_Generation = YES;
				INFOPLIST_KEY_UIApplicationSupportsIndirectInputEvents = YES;
				INFOPLIST_KEY_UILaunchScreen_Generation = YES;
				INFOPLIST_KEY_UISupportedInterfaceOrientations_iPad = "UIInterfaceOrientationPortrait UIInterfaceOrientationPortraitUpsideDown UIInterfaceOrientationLandscapeLeft UIInterfaceOrientationLandscapeRight";
				INFOPLIST_KEY_UISupportedInterfaceOrientations_iPhone = "UIInterfaceOrientationPortrait UIInterfaceOrientationLandscapeLeft UIInterfaceOrientationLandscapeRight";
				LD_RUNPATH_SEARCH_PATHS = (
					"$(inherited)",
					"@executable_path/Frameworks",
				);
				MARKETING_VERSION = 1.0;
				PRODUCT_BUNDLE_IDENTIFIER = HieroniusTeam.SwiftDungeon;
				PRODUCT_NAME = "$(TARGET_NAME)";
				SWIFT_EMIT_LOC_STRINGS = YES;
				SWIFT_VERSION = 5.0;
				TARGETED_DEVICE_FAMILY = "1,2";
			};
			name = Release;
		};
/* End XCBuildConfiguration section */

/* Begin XCConfigurationList section */
		DDA940582DBF4FC600837F9F /* Build configuration list for PBXProject "SwiftDungeon" */ = {
			isa = XCConfigurationList;
			buildConfigurations = (
				DDA940692DBF4FCD00837F9F /* Debug */,
				DDA9406A2DBF4FCD00837F9F /* Release */,
			);
			defaultConfigurationIsVisible = 0;
			defaultConfigurationName = Release;
		};
		DDA9406B2DBF4FCD00837F9F /* Build configuration list for PBXNativeTarget "SwiftDungeon" */ = {
			isa = XCConfigurationList;
			buildConfigurations = (
				DDA9406C2DBF4FCD00837F9F /* Debug */,
				DDA9406D2DBF4FCD00837F9F /* Release */,
			);
			defaultConfigurationIsVisible = 0;
			defaultConfigurationName = Release;
		};
/* End XCConfigurationList section */
	};
	rootObject = DDA940552DBF4FC600837F9F /* Project object */;
}
